
Microsoft Visual Studio Solution File, Format Version 12.00
# Visual Studio Version 16
VisualStudioVersion = 16.0.31313.79
MinimumVisualStudioVersion = 10.0.40219.1
Project("{FAE04EC0-301F-11D3-BF4B-00C04F79EFBC}") = "CosmosDBM4", "CosmosDBM4\CosmosDBM4.csproj", "{849C4603-22B5-400C-B5F7-B3F6A6F668C0}"
EndProject
Global
	GlobalSection(SolutionConfigurationPlatforms) = preSolution
		Debug|Any CPU = Debug|Any CPU
		Release|Any CPU = Release|Any CPU
	EndGlobalSection
	GlobalSection(ProjectConfigurationPlatforms) = postSolution
		{849C4603-22B5-400C-B5F7-B3F6A6F668C0}.Debug|Any CPU.ActiveCfg = Debug|Any CPU
		{849C4603-22B5-400C-B5F7-B3F6A6F668C0}.Debug|Any CPU.Build.0 = Debug|Any CPU
		{849C4603-22B5-400C-B5F7-B3F6A6F668C0}.Release|Any CPU.ActiveCfg = Release|Any CPU
		{849C4603-22B5-400C-B5F7-B3F6A6F668C0}.Release|Any CPU.Build.0 = Release|Any CPU
	EndGlobalSection
	GlobalSection(SolutionProperties) = preSolution
		HideSolutionNode = FALSE
	EndGlobalSection
	GlobalSection(ExtensibilityGlobals) = postSolution
		SolutionGuid = {9750EBCF-BE9D-425E-B4EF-4A84BBD7690E}
	EndGlobalSection
EndGlobal
